
Microsoft Visual Studio Solution File, Format Version 12.00
# Visual Studio Version 17
VisualStudioVersion = 17.0.31717.71
MinimumVisualStudioVersion = 10.0.40219.1
Project("{9A19103F-16F7-4668-BE54-9A1E7A4F7556}") = "RihalProject", "RihalProject.csproj", "{5B6767FB-D6D1-47DC-9BF1-40924852ECE2}"
EndProject
Global
	GlobalSection(SolutionConfigurationPlatforms) = preSolution
		Debug|Any CPU = Debug|Any CPU
		Release|Any CPU = Release|Any CPU
	EndGlobalSection
	GlobalSection(ProjectConfigurationPlatforms) = postSolution
		{5B6767FB-D6D1-47DC-9BF1-40924852ECE2}.Debug|Any CPU.ActiveCfg = Debug|Any CPU
		{5B6767FB-D6D1-47DC-9BF1-40924852ECE2}.Debug|Any CPU.Build.0 = Debug|Any CPU
		{5B6767FB-D6D1-47DC-9BF1-40924852ECE2}.Release|Any CPU.ActiveCfg = Release|Any CPU
		{5B6767FB-D6D1-47DC-9BF1-40924852ECE2}.Release|Any CPU.Build.0 = Release|Any CPU
	EndGlobalSection
	GlobalSection(SolutionProperties) = preSolution
		HideSolutionNode = FALSE
	EndGlobalSection
	GlobalSection(ExtensibilityGlobals) = postSolution
		SolutionGuid = {D9968F5F-0F4F-49C1-AABF-008653EDB932}
	EndGlobalSection
EndGlobal